
Microsoft Visual Studio Solution File, Format Version 12.00
# Visual Studio Version 17
VisualStudioVersion = 17.0.31903.59
MinimumVisualStudioVersion = 10.0.40219.1
Project("{9A19103F-16F7-4668-BE54-9A1E7A4F7556}") = "Shared", "Shared\Shared.csproj", "{66765F97-FA40-452F-859B-316641E66204}"
EndProject
Project("{2150E333-8FDC-42A3-9474-1A3956D46DE8}") = "Services", "Services", "{DE687FC9-63DE-4477-BCDA-E3F160F61A6C}"
EndProject
Project("{9A19103F-16F7-4668-BE54-9A1E7A4F7556}") = "ChatBotService", "Services\ChatBotService\ChatBotService.csproj", "{796D3523-671E-449F-AC43-F51F07361264}"
EndProject
Project("{9A19103F-16F7-4668-BE54-9A1E7A4F7556}") = "TokenManagementService", "Services\TokenManager\TokenManagementService.csproj", "{4F0C4E72-9731-44AB-B370-2A25880A651B}"
EndProject
Project("{9A19103F-16F7-4668-BE54-9A1E7A4F7556}") = "RagBlueprintAccelerator.Client", "Client\RagBlueprintAccelerator.Client\RagBlueprintAccelerator.Client.csproj", "{8F7CBD44-6FD7-4276-B5C5-39F63D9BC381}"
EndProject
Project("{9A19103F-16F7-4668-BE54-9A1E7A4F7556}") = "RagBlueprintAccelerator", "Client\RagBlueprintAccelerator\RagBlueprintAccelerator.csproj", "{D208FAC5-DEEE-4DBC-BEAC-F6F12A1EBD72}"
EndProject
Project("{2150E333-8FDC-42A3-9474-1A3956D46DE8}") = "Client", "Client", "{17CA4BE5-84FB-43D7-8963-4DDD81C65BD7}"
EndProject
Project("{2150E333-8FDC-42A3-9474-1A3956D46DE8}") = "SharedServices", "SharedServices", "{C816E703-8AF3-4579-873D-0F3CA94A4222}"
EndProject
Project("{2150E333-8FDC-42A3-9474-1A3956D46DE8}") = "Chat", "Chat", "{093F3D46-BFAA-40AB-9110-10BF7E1A0529}"
EndProject
Project("{2150E333-8FDC-42A3-9474-1A3956D46DE8}") = "TokenManagment", "TokenManagment", "{31E85D70-43C6-4D77-A00F-040390079107}"
EndProject
Global
	GlobalSection(SolutionConfigurationPlatforms) = preSolution
		Debug|Any CPU = Debug|Any CPU
		Release|Any CPU = Release|Any CPU
	EndGlobalSection
	GlobalSection(ProjectConfigurationPlatforms) = postSolution
		{66765F97-FA40-452F-859B-316641E66204}.Debug|Any CPU.ActiveCfg = Debug|Any CPU
		{66765F97-FA40-452F-859B-316641E66204}.Debug|Any CPU.Build.0 = Debug|Any CPU
		{66765F97-FA40-452F-859B-316641E66204}.Release|Any CPU.ActiveCfg = Release|Any CPU
		{66765F97-FA40-452F-859B-316641E66204}.Release|Any CPU.Build.0 = Release|Any CPU
		{796D3523-671E-449F-AC43-F51F07361264}.Debug|Any CPU.ActiveCfg = Debug|Any CPU
		{796D3523-671E-449F-AC43-F51F07361264}.Debug|Any CPU.Build.0 = Debug|Any CPU
		{796D3523-671E-449F-AC43-F51F07361264}.Release|Any CPU.ActiveCfg = Release|Any CPU
		{796D3523-671E-449F-AC43-F51F07361264}.Release|Any CPU.Build.0 = Release|Any CPU
		{4F0C4E72-9731-44AB-B370-2A25880A651B}.Debug|Any CPU.ActiveCfg = Debug|Any CPU
		{4F0C4E72-9731-44AB-B370-2A25880A651B}.Debug|Any CPU.Build.0 = Debug|Any CPU
		{4F0C4E72-9731-44AB-B370-2A25880A651B}.Release|Any CPU.ActiveCfg = Release|Any CPU
		{4F0C4E72-9731-44AB-B370-2A25880A651B}.Release|Any CPU.Build.0 = Release|Any CPU
		{8F7CBD44-6FD7-4276-B5C5-39F63D9BC381}.Debug|Any CPU.ActiveCfg = Debug|Any CPU
		{8F7CBD44-6FD7-4276-B5C5-39F63D9BC381}.Debug|Any CPU.Build.0 = Debug|Any CPU
		{8F7CBD44-6FD7-4276-B5C5-39F63D9BC381}.Release|Any CPU.ActiveCfg = Release|Any CPU
		{8F7CBD44-6FD7-4276-B5C5-39F63D9BC381}.Release|Any CPU.Build.0 = Release|Any CPU
		{D208FAC5-DEEE-4DBC-BEAC-F6F12A1EBD72}.Debug|Any CPU.ActiveCfg = Debug|Any CPU
		{D208FAC5-DEEE-4DBC-BEAC-F6F12A1EBD72}.Debug|Any CPU.Build.0 = Debug|Any CPU
		{D208FAC5-DEEE-4DBC-BEAC-F6F12A1EBD72}.Release|Any CPU.ActiveCfg = Release|Any CPU
		{D208FAC5-DEEE-4DBC-BEAC-F6F12A1EBD72}.Release|Any CPU.Build.0 = Release|Any CPU
	EndGlobalSection
	GlobalSection(SolutionProperties) = preSolution
		HideSolutionNode = FALSE
	EndGlobalSection
	GlobalSection(NestedProjects) = preSolution
		{66765F97-FA40-452F-859B-316641E66204} = {C816E703-8AF3-4579-873D-0F3CA94A4222}
		{796D3523-671E-449F-AC43-F51F07361264} = {093F3D46-BFAA-40AB-9110-10BF7E1A0529}
		{4F0C4E72-9731-44AB-B370-2A25880A651B} = {31E85D70-43C6-4D77-A00F-040390079107}
		{8F7CBD44-6FD7-4276-B5C5-39F63D9BC381} = {17CA4BE5-84FB-43D7-8963-4DDD81C65BD7}
		{D208FAC5-DEEE-4DBC-BEAC-F6F12A1EBD72} = {17CA4BE5-84FB-43D7-8963-4DDD81C65BD7}
		{093F3D46-BFAA-40AB-9110-10BF7E1A0529} = {DE687FC9-63DE-4477-BCDA-E3F160F61A6C}
		{31E85D70-43C6-4D77-A00F-040390079107} = {DE687FC9-63DE-4477-BCDA-E3F160F61A6C}
	EndGlobalSection
	GlobalSection(ExtensibilityGlobals) = postSolution
		SolutionGuid = {5A9732E9-21F3-4D33-91FA-D613CAF78D25}
	EndGlobalSection
EndGlobal
